
Microsoft Visual Studio Solution File, Format Version 11.00
# Visual Studio 2010
Project("{F184B08F-C81C-45F6-A57F-5ABD9991F28F}") = "dummyPowerpoint", "dummyPowerpoint\dummyPowerpoint.vbproj", "{9C2E7EA2-2953-4FC5-BB7A-6859A654B132}"
EndProject
Global
	GlobalSection(SolutionConfigurationPlatforms) = preSolution
		Debug|x86 = Debug|x86
		Release|x86 = Release|x86
	EndGlobalSection
	GlobalSection(ProjectConfigurationPlatforms) = postSolution
		{9C2E7EA2-2953-4FC5-BB7A-6859A654B132}.Debug|x86.ActiveCfg = Debug|x86
		{9C2E7EA2-2953-4FC5-BB7A-6859A654B132}.Debug|x86.Build.0 = Debug|x86
		{9C2E7EA2-2953-4FC5-BB7A-6859A654B132}.Release|x86.ActiveCfg = Release|x86
		{9C2E7EA2-2953-4FC5-BB7A-6859A654B132}.Release|x86.Build.0 = Release|x86
	EndGlobalSection
	GlobalSection(SolutionProperties) = preSolution
		HideSolutionNode = FALSE
	EndGlobalSection
EndGlobal
